Microsoft Visual Studio Solution File, Format Version 12.00
# Visual Studio Version 17
VisualStudioVersion = 17.5.2.0
MinimumVisualStudioVersion = 10.0.40219.1
Project("{2150E333-8FDC-42A3-9474-1A3956D46DE8}") = "src", "src", "{827E0CD3-B72D-47B6-A68D-7590B98EB39B}"
EndProject
Project("{2150E333-8FDC-42A3-9474-1A3956D46DE8}") = "shared", "shared", "{C8E42992-5E42-0C2B-DBFE-AA848D06431C}"
EndProject
Project("{FAE04EC0-301F-11D3-BF4B-00C04F79EFBC}") = "EventBus", "src\shared\EventBus\EventBus.csproj", "{32E833E8-0D9B-FE09-B96F-DA0CE280D3AC}"
EndProject
Project("{FAE04EC0-301F-11D3-BF4B-00C04F79EFBC}") = "EventBusRabbitMQ", "src\shared\EventBusRabbitMQ\EventBusRabbitMQ.csproj", "{8FDA908D-047B-6E69-9D32-E94AE67D8FB2}"
EndProject
Project("{FAE04EC0-301F-11D3-BF4B-00C04F79EFBC}") = "Logging", "src\shared\Logging\Logging.csproj", "{31E8307C-320F-AD74-6CE9-68406B3B1D49}"
EndProject

Global
	GlobalSection(SolutionConfigurationPlatforms) = preSolution
		Debug|Any CPU = Debug|Any CPU
		Release|Any CPU = Release|Any CPU
	EndGlobalSection
	GlobalSection(ProjectConfigurationPlatforms) = postSolution
		{32E833E8-0D9B-FE09-B96F-DA0CE280D3AC}.Debug|Any CPU.ActiveCfg = Debug|Any CPU
		{32E833E8-0D9B-FE09-B96F-DA0CE280D3AC}.Debug|Any CPU.Build.0 = Debug|Any CPU
		{32E833E8-0D9B-FE09-B96F-DA0CE280D3AC}.Release|Any CPU.ActiveCfg = Release|Any CPU
		{32E833E8-0D9B-FE09-B96F-DA0CE280D3AC}.Release|Any CPU.Build.0 = Release|Any CPU
		{8FDA908D-047B-6E69-9D32-E94AE67D8FB2}.Debug|Any CPU.ActiveCfg = Debug|Any CPU
		{8FDA908D-047B-6E69-9D32-E94AE67D8FB2}.Debug|Any CPU.Build.0 = Debug|Any CPU
		{8FDA908D-047B-6E69-9D32-E94AE67D8FB2}.Release|Any CPU.ActiveCfg = Release|Any CPU
		{8FDA908D-047B-6E69-9D32-E94AE67D8FB2}.Release|Any CPU.Build.0 = Release|Any CPU
		{31E8307C-320F-AD74-6CE9-68406B3B1D49}.Debug|Any CPU.ActiveCfg = Debug|Any CPU
		{31E8307C-320F-AD74-6CE9-68406B3B1D49}.Debug|Any CPU.Build.0 = Debug|Any CPU
		{31E8307C-320F-AD74-6CE9-68406B3B1D49}.Release|Any CPU.ActiveCfg = Release|Any CPU
		{31E8307C-320F-AD74-6CE9-68406B3B1D49}.Release|Any CPU.Build.0 = Release|Any CPU
		{816496EE-2B8F-97F5-47BA-3ED81240E584}.Debug|Any CPU.ActiveCfg = Debug|Any CPU
		{816496EE-2B8F-97F5-47BA-3ED81240E584}.Debug|Any CPU.Build.0 = Debug|Any CPU
		{816496EE-2B8F-97F5-47BA-3ED81240E584}.Release|Any CPU.ActiveCfg = Release|Any CPU
		{816496EE-2B8F-97F5-47BA-3ED81240E584}.Release|Any CPU.Build.0 = Release|Any CPU
		{90DDEA48-CD87-C0F4-D2BA-306E3A68C29C}.Debug|Any CPU.ActiveCfg = Debug|Any CPU
		{90DDEA48-CD87-C0F4-D2BA-306E3A68C29C}.Debug|Any CPU.Build.0 = Debug|Any CPU
		{90DDEA48-CD87-C0F4-D2BA-306E3A68C29C}.Release|Any CPU.ActiveCfg = Release|Any CPU
		{90DDEA48-CD87-C0F4-D2BA-306E3A68C29C}.Release|Any CPU.Build.0 = Release|Any CPU
		{AC3AE1EA-0642-F4CB-04FA-5F84D84DE9F4}.Debug|Any CPU.ActiveCfg = Debug|Any CPU
		{AC3AE1EA-0642-F4CB-04FA-5F84D84DE9F4}.Debug|Any CPU.Build.0 = Debug|Any CPU
		{AC3AE1EA-0642-F4CB-04FA-5F84D84DE9F4}.Release|Any CPU.ActiveCfg = Release|Any CPU
		{AC3AE1EA-0642-F4CB-04FA-5F84D84DE9F4}.Release|Any CPU.Build.0 = Release|Any CPU
		{8922D66B-47CD-7A5A-F3FD-565B45356EB2}.Debug|Any CPU.ActiveCfg = Debug|Any CPU
		{8922D66B-47CD-7A5A-F3FD-565B45356EB2}.Debug|Any CPU.Build.0 = Debug|Any CPU
		{8922D66B-47CD-7A5A-F3FD-565B45356EB2}.Release|Any CPU.ActiveCfg = Release|Any CPU
		{8922D66B-47CD-7A5A-F3FD-565B45356EB2}.Release|Any CPU.Build.0 = Release|Any CPU
	EndGlobalSection
	GlobalSection(SolutionProperties) = preSolution
		HideSolutionNode = FALSE
	EndGlobalSection
	GlobalSection(NestedProjects) = preSolution
		{C8E42992-5E42-0C2B-DBFE-AA848D06431C} = {827E0CD3-B72D-47B6-A68D-7590B98EB39B}
		{32E833E8-0D9B-FE09-B96F-DA0CE280D3AC} = {C8E42992-5E42-0C2B-DBFE-AA848D06431C}
		{8FDA908D-047B-6E69-9D32-E94AE67D8FB2} = {C8E42992-5E42-0C2B-DBFE-AA848D06431C}
		{31E8307C-320F-AD74-6CE9-68406B3B1D49} = {C8E42992-5E42-0C2B-DBFE-AA848D06431C}
		{984BB9B3-3FA3-BE33-9484-CAC21695A33C} = {827E0CD3-B72D-47B6-A68D-7590B98EB39B}
		{1BFC9479-12BF-35C3-06B8-42D89D95092B} = {984BB9B3-3FA3-BE33-9484-CAC21695A33C}
		{294FD18F-2F4B-7647-2A83-2763F0D33F88} = {1BFC9479-12BF-35C3-06B8-42D89D95092B}
		{816496EE-2B8F-97F5-47BA-3ED81240E584} = {294FD18F-2F4B-7647-2A83-2763F0D33F88}
		{90DDEA48-CD87-C0F4-D2BA-306E3A68C29C} = {294FD18F-2F4B-7647-2A83-2763F0D33F88}
		{AC3AE1EA-0642-F4CB-04FA-5F84D84DE9F4} = {294FD18F-2F4B-7647-2A83-2763F0D33F88}
		{8922D66B-47CD-7A5A-F3FD-565B45356EB2} = {294FD18F-2F4B-7647-2A83-2763F0D33F88}
	EndGlobalSection
	GlobalSection(ExtensibilityGlobals) = postSolution
		SolutionGuid = {6EB56EFB-F9BA-441B-A70C-F8E8088728DD}
	EndGlobalSection
EndGlobal
